
Microsoft Visual Studio Solution File, Format Version 12.00
# Visual Studio 15
VisualStudioVersion = 15.0.27703.2026
MinimumVisualStudioVersion = 10.0.40219.1
Project("{FAE04EC0-301F-11D3-BF4B-00C04F79EFBC}") = "ConsoleChess", "ConsoleChess\ConsoleChess.csproj", "{24C9D7AA-F070-4054-99A3-66B89AA59E3B}"
EndProject
Global
	GlobalSection(SolutionConfigurationPlatforms) = preSolution
		Debug|Any CPU = Debug|Any CPU
		Release|Any CPU = Release|Any CPU
	EndGlobalSection
	GlobalSection(ProjectConfigurationPlatforms) = postSolution
		{24C9D7AA-F070-4054-99A3-66B89AA59E3B}.Debug|Any CPU.ActiveCfg = Debug|Any CPU
		{24C9D7AA-F070-4054-99A3-66B89AA59E3B}.Debug|Any CPU.Build.0 = Debug|Any CPU
		{24C9D7AA-F070-4054-99A3-66B89AA59E3B}.Release|Any CPU.ActiveCfg = Release|Any CPU
		{24C9D7AA-F070-4054-99A3-66B89AA59E3B}.Release|Any CPU.Build.0 = Release|Any CPU
	EndGlobalSection
	GlobalSection(SolutionProperties) = preSolution
		HideSolutionNode = FALSE
	EndGlobalSection
	GlobalSection(ExtensibilityGlobals) = postSolution
		SolutionGuid = {D2689AF3-B4A8-42CD-B13C-3C9FDE32EE3D}
	EndGlobalSection
EndGlobal
